Microsoft Visual Studio Solution File, Format Version 12.00
# Visual Studio Version 17
VisualStudioVersion = 17.5.2.0
MinimumVisualStudioVersion = 10.0.40219.1
Project("{FAE04EC0-301F-11D3-BF4B-00C04F79EFBC}") = "EHRp", "EHRp\EHRp.csproj", "{5C74BBA9-51E3-B937-E023-7D68146D74FF}"
EndProject
Project("{FAE04EC0-301F-11D3-BF4B-00C04F79EFBC}") = "EHRp.Tests", "EHRp.Tests\EHRp.Tests.csproj", "{B8F9C3E7-D2A4-4C1F-B8B1-5D2C5A3F8D6E}"
EndProject
Global
	GlobalSection(SolutionConfigurationPlatforms) = preSolution
		Debug|Any CPU = Debug|Any CPU
		Release|Any CPU = Release|Any CPU
	EndGlobalSection
	GlobalSection(ProjectConfigurationPlatforms) = postSolution
		{5C74BBA9-51E3-B937-E023-7D68146D74FF}.Debug|Any CPU.ActiveCfg = Debug|Any CPU
		{5C74BBA9-51E3-B937-E023-7D68146D74FF}.Debug|Any CPU.Build.0 = Debug|Any CPU
		{5C74BBA9-51E3-B937-E023-7D68146D74FF}.Release|Any CPU.ActiveCfg = Release|Any CPU
		{5C74BBA9-51E3-B937-E023-7D68146D74FF}.Release|Any CPU.Build.0 = Release|Any CPU
		{B8F9C3E7-D2A4-4C1F-B8B1-5D2C5A3F8D6E}.Debug|Any CPU.ActiveCfg = Debug|Any CPU
		{B8F9C3E7-D2A4-4C1F-B8B1-5D2C5A3F8D6E}.Debug|Any CPU.Build.0 = Debug|Any CPU
		{B8F9C3E7-D2A4-4C1F-B8B1-5D2C5A3F8D6E}.Release|Any CPU.ActiveCfg = Release|Any CPU
		{B8F9C3E7-D2A4-4C1F-B8B1-5D2C5A3F8D6E}.Release|Any CPU.Build.0 = Release|Any CPU
	EndGlobalSection
	GlobalSection(SolutionProperties) = preSolution
		HideSolutionNode = FALSE
	EndGlobalSection
	GlobalSection(ExtensibilityGlobals) = postSolution
		SolutionGuid = {A19D57E9-57AC-4F30-934D-BB2E7D473CE2}
	EndGlobalSection
EndGlobal
